
Microsoft Visual Studio Solution File, Format Version 12.00
# Visual Studio Version 17
VisualStudioVersion = 17.9.34902.65
MinimumVisualStudioVersion = 10.0.40219.1
Project("{9A19103F-16F7-4668-BE54-9A1E7A4F7556}") = "GarageApplication", "GarageApplication\GarageApplication.csproj", "{40D51EB9-A385-4011-9D83-B6A1514CF81C}"
EndProject
Project("{FAE04EC0-301F-11D3-BF4B-00C04F79EFBC}") = "GarageApplication.Test", "GarageApplication.Test\GarageApplication.Test.csproj", "{D870E84D-EB01-4012-9152-7639BDF2A5DA}"
EndProject
Global
	GlobalSection(SolutionConfigurationPlatforms) = preSolution
		Debug|Any CPU = Debug|Any CPU
		Release|Any CPU = Release|Any CPU
	EndGlobalSection
	GlobalSection(ProjectConfigurationPlatforms) = postSolution
		{40D51EB9-A385-4011-9D83-B6A1514CF81C}.Debug|Any CPU.ActiveCfg = Debug|Any CPU
		{40D51EB9-A385-4011-9D83-B6A1514CF81C}.Debug|Any CPU.Build.0 = Debug|Any CPU
		{40D51EB9-A385-4011-9D83-B6A1514CF81C}.Release|Any CPU.ActiveCfg = Release|Any CPU
		{40D51EB9-A385-4011-9D83-B6A1514CF81C}.Release|Any CPU.Build.0 = Release|Any CPU
		{D870E84D-EB01-4012-9152-7639BDF2A5DA}.Debug|Any CPU.ActiveCfg = Debug|Any CPU
		{D870E84D-EB01-4012-9152-7639BDF2A5DA}.Debug|Any CPU.Build.0 = Debug|Any CPU
		{D870E84D-EB01-4012-9152-7639BDF2A5DA}.Release|Any CPU.ActiveCfg = Release|Any CPU
		{D870E84D-EB01-4012-9152-7639BDF2A5DA}.Release|Any CPU.Build.0 = Release|Any CPU
	EndGlobalSection
	GlobalSection(SolutionProperties) = preSolution
		HideSolutionNode = FALSE
	EndGlobalSection
	GlobalSection(ExtensibilityGlobals) = postSolution
		SolutionGuid = {9E3E8101-4B69-4A63-BAC9-9CDB3382EF5F}
	EndGlobalSection
EndGlobal
